
Microsoft Visual Studio Solution File, Format Version 12.00
# Visual Studio Version 17
VisualStudioVersion = 17.6.33723.286
MinimumVisualStudioVersion = 10.0.40219.1
Project("{9A19103F-16F7-4668-BE54-9A1E7A4F7556}") = "ModeladoTarea.Server", "ModeladoTarea\Server\ModeladoTarea.Server.csproj", "{883B6126-E9CF-467A-AEBB-100CB8FB4E47}"
EndProject
Project("{9A19103F-16F7-4668-BE54-9A1E7A4F7556}") = "ModeladoTarea.Client", "ModeladoTarea\Client\ModeladoTarea.Client.csproj", "{D5FB14B7-25C5-4D50-8FEA-160A11FBAE0A}"
EndProject
Project("{9A19103F-16F7-4668-BE54-9A1E7A4F7556}") = "ModeladoTarea.Shared", "ModeladoTarea\Shared\ModeladoTarea.Shared.csproj", "{CB70745A-5E43-4879-B2BC-58CE9B84AF71}"
EndProject
Project("{9A19103F-16F7-4668-BE54-9A1E7A4F7556}") = "Blazorapp5.BD", "Blazorapp5\Blazorapp5.BD.csproj", "{DBDB97B7-91AA-4B89-9318-C66B6444FB64}"
EndProject
Global
	GlobalSection(SolutionConfigurationPlatforms) = preSolution
		Debug|Any CPU = Debug|Any CPU
		Release|Any CPU = Release|Any CPU
	EndGlobalSection
	GlobalSection(ProjectConfigurationPlatforms) = postSolution
		{883B6126-E9CF-467A-AEBB-100CB8FB4E47}.Debug|Any CPU.ActiveCfg = Debug|Any CPU
		{883B6126-E9CF-467A-AEBB-100CB8FB4E47}.Debug|Any CPU.Build.0 = Debug|Any CPU
		{883B6126-E9CF-467A-AEBB-100CB8FB4E47}.Release|Any CPU.ActiveCfg = Release|Any CPU
		{883B6126-E9CF-467A-AEBB-100CB8FB4E47}.Release|Any CPU.Build.0 = Release|Any CPU
		{D5FB14B7-25C5-4D50-8FEA-160A11FBAE0A}.Debug|Any CPU.ActiveCfg = Debug|Any CPU
		{D5FB14B7-25C5-4D50-8FEA-160A11FBAE0A}.Debug|Any CPU.Build.0 = Debug|Any CPU
		{D5FB14B7-25C5-4D50-8FEA-160A11FBAE0A}.Release|Any CPU.ActiveCfg = Release|Any CPU
		{D5FB14B7-25C5-4D50-8FEA-160A11FBAE0A}.Release|Any CPU.Build.0 = Release|Any CPU
		{CB70745A-5E43-4879-B2BC-58CE9B84AF71}.Debug|Any CPU.ActiveCfg = Debug|Any CPU
		{CB70745A-5E43-4879-B2BC-58CE9B84AF71}.Debug|Any CPU.Build.0 = Debug|Any CPU
		{CB70745A-5E43-4879-B2BC-58CE9B84AF71}.Release|Any CPU.ActiveCfg = Release|Any CPU
		{CB70745A-5E43-4879-B2BC-58CE9B84AF71}.Release|Any CPU.Build.0 = Release|Any CPU
		{DBDB97B7-91AA-4B89-9318-C66B6444FB64}.Debug|Any CPU.ActiveCfg = Debug|Any CPU
		{DBDB97B7-91AA-4B89-9318-C66B6444FB64}.Debug|Any CPU.Build.0 = Debug|Any CPU
		{DBDB97B7-91AA-4B89-9318-C66B6444FB64}.Release|Any CPU.ActiveCfg = Release|Any CPU
		{DBDB97B7-91AA-4B89-9318-C66B6444FB64}.Release|Any CPU.Build.0 = Release|Any CPU
	EndGlobalSection
	GlobalSection(SolutionProperties) = preSolution
		HideSolutionNode = FALSE
	EndGlobalSection
	GlobalSection(ExtensibilityGlobals) = postSolution
		SolutionGuid = {80E5CF35-AC6A-4130-A501-CF700725AC5C}
	EndGlobalSection
EndGlobal
